
Microsoft Visual Studio Solution File, Format Version 12.00
# Visual Studio Version 16
VisualStudioVersion = 16.0.30114.105
MinimumVisualStudioVersion = 10.0.40219.1
Project("{2150E333-8FDC-42A3-9474-1A3956D46DE8}") = "src", "src", "{4FD8F8FC-44DA-42EA-BB8B-72EA2174A275}"
EndProject
Project("{FAE04EC0-301F-11D3-BF4B-00C04F79EFBC}") = "Way2Commerce.API", "src\Way2Commerce.API\Way2Commerce.API.csproj", "{EC7CD5B1-27E0-438A-B8EF-AD66691DCEFB}"
EndProject
Project("{FAE04EC0-301F-11D3-BF4B-00C04F79EFBC}") = "Way2Commerce.Data.PostgreSQL", "src\Way2Commerce.Data.PostgreSQL\Way2Commerce.Data.PostgreSQL.csproj", "{04793E30-395F-4979-92BD-395885BDA5AA}"
EndProject
Project("{FAE04EC0-301F-11D3-BF4B-00C04F79EFBC}") = "Way2Commerce.Domain", "src\Way2Commerce.Domain\Way2Commerce.Domain.csproj", "{14E095DE-EA85-4F47-940C-2CBF000A3E02}"
EndProject
Project("{2150E333-8FDC-42A3-9474-1A3956D46DE8}") = "test", "test", "{E3337F2D-0490-4320-B83D-F67C411658BC}"
EndProject
Project("{FAE04EC0-301F-11D3-BF4B-00C04F79EFBC}") = "Way2Commerce.Domain.UnitTests", "test\Way2Commerce.Domain.UnitTests\Way2Commerce.Domain.UnitTests.csproj", "{38E1D826-D2BC-4504-A627-159825BA8B2E}"
EndProject
Global
	GlobalSection(SolutionConfigurationPlatforms) = preSolution
		Debug|Any CPU = Debug|Any CPU
		Release|Any CPU = Release|Any CPU
	EndGlobalSection
	GlobalSection(SolutionProperties) = preSolution
		HideSolutionNode = FALSE
	EndGlobalSection
	GlobalSection(ProjectConfigurationPlatforms) = postSolution
		{EC7CD5B1-27E0-438A-B8EF-AD66691DCEFB}.Debug|Any CPU.ActiveCfg = Debug|Any CPU
		{EC7CD5B1-27E0-438A-B8EF-AD66691DCEFB}.Debug|Any CPU.Build.0 = Debug|Any CPU
		{EC7CD5B1-27E0-438A-B8EF-AD66691DCEFB}.Release|Any CPU.ActiveCfg = Release|Any CPU
		{EC7CD5B1-27E0-438A-B8EF-AD66691DCEFB}.Release|Any CPU.Build.0 = Release|Any CPU
		{04793E30-395F-4979-92BD-395885BDA5AA}.Debug|Any CPU.ActiveCfg = Debug|Any CPU
		{04793E30-395F-4979-92BD-395885BDA5AA}.Debug|Any CPU.Build.0 = Debug|Any CPU
		{04793E30-395F-4979-92BD-395885BDA5AA}.Release|Any CPU.ActiveCfg = Release|Any CPU
		{04793E30-395F-4979-92BD-395885BDA5AA}.Release|Any CPU.Build.0 = Release|Any CPU
		{14E095DE-EA85-4F47-940C-2CBF000A3E02}.Debug|Any CPU.ActiveCfg = Debug|Any CPU
		{14E095DE-EA85-4F47-940C-2CBF000A3E02}.Debug|Any CPU.Build.0 = Debug|Any CPU
		{14E095DE-EA85-4F47-940C-2CBF000A3E02}.Release|Any CPU.ActiveCfg = Release|Any CPU
		{14E095DE-EA85-4F47-940C-2CBF000A3E02}.Release|Any CPU.Build.0 = Release|Any CPU
		{38E1D826-D2BC-4504-A627-159825BA8B2E}.Debug|Any CPU.ActiveCfg = Debug|Any CPU
		{38E1D826-D2BC-4504-A627-159825BA8B2E}.Debug|Any CPU.Build.0 = Debug|Any CPU
		{38E1D826-D2BC-4504-A627-159825BA8B2E}.Release|Any CPU.ActiveCfg = Release|Any CPU
		{38E1D826-D2BC-4504-A627-159825BA8B2E}.Release|Any CPU.Build.0 = Release|Any CPU
	EndGlobalSection
	GlobalSection(NestedProjects) = preSolution
		{EC7CD5B1-27E0-438A-B8EF-AD66691DCEFB} = {4FD8F8FC-44DA-42EA-BB8B-72EA2174A275}
		{04793E30-395F-4979-92BD-395885BDA5AA} = {4FD8F8FC-44DA-42EA-BB8B-72EA2174A275}
		{14E095DE-EA85-4F47-940C-2CBF000A3E02} = {4FD8F8FC-44DA-42EA-BB8B-72EA2174A275}
		{38E1D826-D2BC-4504-A627-159825BA8B2E} = {E3337F2D-0490-4320-B83D-F67C411658BC}
	EndGlobalSection
EndGlobal
